
Microsoft Visual Studio Solution File, Format Version 12.00
# Visual Studio 15
VisualStudioVersion = 15.0.26430.15
MinimumVisualStudioVersion = 10.0.40219.1
Project("{FAE04EC0-301F-11D3-BF4B-00C04F79EFBC}") = "Net.CommonLib.Print", "Net.CommonLib.Print\Net.CommonLib.Print.csproj", "{700FF5E6-2F39-41FB-8ED5-A5315642A76E}"
EndProject
Project("{FAE04EC0-301F-11D3-BF4B-00C04F79EFBC}") = "Net.CommonLib.DBAccess", "Net.CommonLib.DBAccess\Net.CommonLib.DBAccess.csproj", "{85E32D4C-4E92-40ED-9341-6A535E1A4D89}"
EndProject
Project("{FAE04EC0-301F-11D3-BF4B-00C04F79EFBC}") = "Net.CommonLib.Log", "Net.CommonLib.Log\Net.CommonLib.Log.csproj", "{A44F3FE5-8C72-482D-9D7A-831A725B9AA4}"
EndProject
Project("{FAE04EC0-301F-11D3-BF4B-00C04F79EFBC}") = "Net.CommonLib.Util", "Net.CommonLib.Util\Net.CommonLib.Util.csproj", "{BD0F2732-8C7D-4A9E-B0A1-5E1880869A04}"
EndProject
Project("{FAE04EC0-301F-11D3-BF4B-00C04F79EFBC}") = "Net.CommonLib.Ftp", "Net.CommonLib.Ftp\Net.CommonLib.Ftp.csproj", "{E880F988-18B7-4113-AFD1-35A7F9ABD31C}"
EndProject
Project("{FAE04EC0-301F-11D3-BF4B-00C04F79EFBC}") = "Net.CommonLib.ExcelReport", "Net.CommonLib.ExcelReport\Net.CommonLib.ExcelReport.csproj", "{47A851C5-6A62-4F41-923B-3159D7F2A605}"
EndProject
Project("{FAE04EC0-301F-11D3-BF4B-00C04F79EFBC}") = "Net.CommonLib.Controls", "Net.CommonLib.Controls\Net.CommonLib.Controls.csproj", "{D27017FC-7918-4BAC-B97C-DFEDD2706A1F}"
EndProject
Project("{FAE04EC0-301F-11D3-BF4B-00C04F79EFBC}") = "Net.CommonLib.UnitTest", "Net.CommonLib.UnitTest\Net.CommonLib.UnitTest.csproj", "{A299744C-5E2A-4557-871D-A1E0C50C262C}"
EndProject
Project("{FAE04EC0-301F-11D3-BF4B-00C04F79EFBC}") = "Net.CommonLib.Prism", "Net.CommonLib.Prism\Net.CommonLib.Prism.csproj", "{C293210F-940B-4044-9A13-8564B58F889B}"
EndProject
Project("{FAE04EC0-301F-11D3-BF4B-00C04F79EFBC}") = "Net.CommonLib.CacheManager", "Net.CommonLib.CacheManager\Net.CommonLib.CacheManager.csproj", "{FC4C6432-9746-4637-97B0-E378852CBEA3}"
EndProject
Project("{FAE04EC0-301F-11D3-BF4B-00C04F79EFBC}") = "Net.CommonLib.ICE", "Net.CommonLib.ICE\Net.CommonLib.ICE.csproj", "{040320AC-F10B-4A56-99EF-C7095801A54F}"
EndProject
Project("{FAE04EC0-301F-11D3-BF4B-00C04F79EFBC}") = "Net.CommonLib.SocketComm", "Net.CommonLib.SocketComm\Net.CommonLib.SocketComm.csproj", "{C640A146-0031-4931-8F0D-81CA7D1EE9F3}"
EndProject
Project("{FAE04EC0-301F-11D3-BF4B-00C04F79EFBC}") = "Net.CommonLib.ClockSync", "Net.CommonLib.ClockSync\Net.CommonLib.ClockSync.csproj", "{C280A038-A196-4C5C-A279-38CA7B461370}"
EndProject
Project("{FAE04EC0-301F-11D3-BF4B-00C04F79EFBC}") = "Net.CommonLib.ActiveMqQueue", "Net.CommonLib.ActiveMqQueue\Net.CommonLib.ActiveMqQueue.csproj", "{7E56F6B4-2382-4019-A845-29EA35457BBF}"
EndProject
Project("{FAE04EC0-301F-11D3-BF4B-00C04F79EFBC}") = "Net.CommonLib.Exception", "Net.CommonLib.Exception\Net.CommonLib.Exception.csproj", "{FD460412-52EE-4FD1-B5B6-68E1C28C3D59}"
EndProject
Project("{FAE04EC0-301F-11D3-BF4B-00C04F79EFBC}") = "Net.CommonLib.RabbitMQQueue", "Net.CommonLib.RabbitMQQueue\Net.CommonLib.RabbitMQQueue.csproj", "{D85FDD85-F7EA-4D79-BE48-A65057694CFF}"
EndProject
Global
	GlobalSection(SolutionConfigurationPlatforms) = preSolution
		Debug|Any CPU = Debug|Any CPU
		Release|Any CPU = Release|Any CPU
	EndGlobalSection
	GlobalSection(ProjectConfigurationPlatforms) = postSolution
		{700FF5E6-2F39-41FB-8ED5-A5315642A76E}.Debug|Any CPU.ActiveCfg = Debug|Any CPU
		{700FF5E6-2F39-41FB-8ED5-A5315642A76E}.Debug|Any CPU.Build.0 = Debug|Any CPU
		{700FF5E6-2F39-41FB-8ED5-A5315642A76E}.Release|Any CPU.ActiveCfg = Release|Any CPU
		{700FF5E6-2F39-41FB-8ED5-A5315642A76E}.Release|Any CPU.Build.0 = Release|Any CPU
		{85E32D4C-4E92-40ED-9341-6A535E1A4D89}.Debug|Any CPU.ActiveCfg = Debug|Any CPU
		{85E32D4C-4E92-40ED-9341-6A535E1A4D89}.Debug|Any CPU.Build.0 = Debug|Any CPU
		{85E32D4C-4E92-40ED-9341-6A535E1A4D89}.Release|Any CPU.ActiveCfg = Release|Any CPU
		{85E32D4C-4E92-40ED-9341-6A535E1A4D89}.Release|Any CPU.Build.0 = Release|Any CPU
		{A44F3FE5-8C72-482D-9D7A-831A725B9AA4}.Debug|Any CPU.ActiveCfg = Debug|Any CPU
		{A44F3FE5-8C72-482D-9D7A-831A725B9AA4}.Debug|Any CPU.Build.0 = Debug|Any CPU
		{A44F3FE5-8C72-482D-9D7A-831A725B9AA4}.Release|Any CPU.ActiveCfg = Release|Any CPU
		{A44F3FE5-8C72-482D-9D7A-831A725B9AA4}.Release|Any CPU.Build.0 = Release|Any CPU
		{BD0F2732-8C7D-4A9E-B0A1-5E1880869A04}.Debug|Any CPU.ActiveCfg = Debug|Any CPU
		{BD0F2732-8C7D-4A9E-B0A1-5E1880869A04}.Debug|Any CPU.Build.0 = Debug|Any CPU
		{BD0F2732-8C7D-4A9E-B0A1-5E1880869A04}.Release|Any CPU.ActiveCfg = Release|Any CPU
		{BD0F2732-8C7D-4A9E-B0A1-5E1880869A04}.Release|Any CPU.Build.0 = Release|Any CPU
		{E880F988-18B7-4113-AFD1-35A7F9ABD31C}.Debug|Any CPU.ActiveCfg = Debug|Any CPU
		{E880F988-18B7-4113-AFD1-35A7F9ABD31C}.Debug|Any CPU.Build.0 = Debug|Any CPU
		{E880F988-18B7-4113-AFD1-35A7F9ABD31C}.Release|Any CPU.ActiveCfg = Release|Any CPU
		{E880F988-18B7-4113-AFD1-35A7F9ABD31C}.Release|Any CPU.Build.0 = Release|Any CPU
		{47A851C5-6A62-4F41-923B-3159D7F2A605}.Debug|Any CPU.ActiveCfg = Debug|Any CPU
		{47A851C5-6A62-4F41-923B-3159D7F2A605}.Debug|Any CPU.Build.0 = Debug|Any CPU
		{47A851C5-6A62-4F41-923B-3159D7F2A605}.Release|Any CPU.ActiveCfg = Release|Any CPU
		{47A851C5-6A62-4F41-923B-3159D7F2A605}.Release|Any CPU.Build.0 = Release|Any CPU
		{D27017FC-7918-4BAC-B97C-DFEDD2706A1F}.Debug|Any CPU.ActiveCfg = Debug|Any CPU
		{D27017FC-7918-4BAC-B97C-DFEDD2706A1F}.Debug|Any CPU.Build.0 = Debug|Any CPU
		{D27017FC-7918-4BAC-B97C-DFEDD2706A1F}.Release|Any CPU.ActiveCfg = Release|Any CPU
		{D27017FC-7918-4BAC-B97C-DFEDD2706A1F}.Release|Any CPU.Build.0 = Release|Any CPU
		{A299744C-5E2A-4557-871D-A1E0C50C262C}.Debug|Any CPU.ActiveCfg = Debug|Any CPU
		{A299744C-5E2A-4557-871D-A1E0C50C262C}.Debug|Any CPU.Build.0 = Debug|Any CPU
		{A299744C-5E2A-4557-871D-A1E0C50C262C}.Release|Any CPU.ActiveCfg = Release|Any CPU
		{A299744C-5E2A-4557-871D-A1E0C50C262C}.Release|Any CPU.Build.0 = Release|Any CPU
		{C293210F-940B-4044-9A13-8564B58F889B}.Debug|Any CPU.ActiveCfg = Debug|Any CPU
		{C293210F-940B-4044-9A13-8564B58F889B}.Debug|Any CPU.Build.0 = Debug|Any CPU
		{C293210F-940B-4044-9A13-8564B58F889B}.Release|Any CPU.ActiveCfg = Release|Any CPU
		{C293210F-940B-4044-9A13-8564B58F889B}.Release|Any CPU.Build.0 = Release|Any CPU
		{FC4C6432-9746-4637-97B0-E378852CBEA3}.Debug|Any CPU.ActiveCfg = Debug|Any CPU
		{FC4C6432-9746-4637-97B0-E378852CBEA3}.Debug|Any CPU.Build.0 = Debug|Any CPU
		{FC4C6432-9746-4637-97B0-E378852CBEA3}.Release|Any CPU.ActiveCfg = Release|Any CPU
		{FC4C6432-9746-4637-97B0-E378852CBEA3}.Release|Any CPU.Build.0 = Release|Any CPU
		{040320AC-F10B-4A56-99EF-C7095801A54F}.Debug|Any CPU.ActiveCfg = Debug|Any CPU
		{040320AC-F10B-4A56-99EF-C7095801A54F}.Debug|Any CPU.Build.0 = Debug|Any CPU
		{040320AC-F10B-4A56-99EF-C7095801A54F}.Release|Any CPU.ActiveCfg = Release|Any CPU
		{040320AC-F10B-4A56-99EF-C7095801A54F}.Release|Any CPU.Build.0 = Release|Any CPU
		{C640A146-0031-4931-8F0D-81CA7D1EE9F3}.Debug|Any CPU.ActiveCfg = Debug|Any CPU
		{C640A146-0031-4931-8F0D-81CA7D1EE9F3}.Debug|Any CPU.Build.0 = Debug|Any CPU
		{C640A146-0031-4931-8F0D-81CA7D1EE9F3}.Release|Any CPU.ActiveCfg = Release|Any CPU
		{C640A146-0031-4931-8F0D-81CA7D1EE9F3}.Release|Any CPU.Build.0 = Release|Any CPU
		{C280A038-A196-4C5C-A279-38CA7B461370}.Debug|Any CPU.ActiveCfg = Debug|Any CPU
		{C280A038-A196-4C5C-A279-38CA7B461370}.Debug|Any CPU.Build.0 = Debug|Any CPU
		{C280A038-A196-4C5C-A279-38CA7B461370}.Release|Any CPU.ActiveCfg = Release|Any CPU
		{C280A038-A196-4C5C-A279-38CA7B461370}.Release|Any CPU.Build.0 = Release|Any CPU
		{7E56F6B4-2382-4019-A845-29EA35457BBF}.Debug|Any CPU.ActiveCfg = Debug|Any CPU
		{7E56F6B4-2382-4019-A845-29EA35457BBF}.Debug|Any CPU.Build.0 = Debug|Any CPU
		{7E56F6B4-2382-4019-A845-29EA35457BBF}.Release|Any CPU.ActiveCfg = Release|Any CPU
		{7E56F6B4-2382-4019-A845-29EA35457BBF}.Release|Any CPU.Build.0 = Release|Any CPU
		{FD460412-52EE-4FD1-B5B6-68E1C28C3D59}.Debug|Any CPU.ActiveCfg = Debug|Any CPU
		{FD460412-52EE-4FD1-B5B6-68E1C28C3D59}.Debug|Any CPU.Build.0 = Debug|Any CPU
		{FD460412-52EE-4FD1-B5B6-68E1C28C3D59}.Release|Any CPU.ActiveCfg = Release|Any CPU
		{FD460412-52EE-4FD1-B5B6-68E1C28C3D59}.Release|Any CPU.Build.0 = Release|Any CPU
		{D85FDD85-F7EA-4D79-BE48-A65057694CFF}.Debug|Any CPU.ActiveCfg = Debug|Any CPU
		{D85FDD85-F7EA-4D79-BE48-A65057694CFF}.Debug|Any CPU.Build.0 = Debug|Any CPU
		{D85FDD85-F7EA-4D79-BE48-A65057694CFF}.Release|Any CPU.ActiveCfg = Release|Any CPU
		{D85FDD85-F7EA-4D79-BE48-A65057694CFF}.Release|Any CPU.Build.0 = Release|Any CPU
	EndGlobalSection
	GlobalSection(SolutionProperties) = preSolution
		HideSolutionNode = FALSE
	EndGlobalSection
EndGlobal
